
Microsoft Visual Studio Solution File, Format Version 12.00
# Visual Studio Version 17
VisualStudioVersion = 17.14.36408.4 d17.14
MinimumVisualStudioVersion = 10.0.40219.1
Project("{FAE04EC0-301F-11D3-BF4B-00C04F79EFBC}") = "Practica01", "Practica01.csproj", "{03D1910E-A22F-494D-A78B-710414D62A6F}"
EndProject
Global
	GlobalSection(SolutionConfigurationPlatforms) = preSolution
		Debug|Any CPU = Debug|Any CPU
		Release|Any CPU = Release|Any CPU
	EndGlobalSection
	GlobalSection(ProjectConfigurationPlatforms) = postSolution
		{03D1910E-A22F-494D-A78B-710414D62A6F}.Debug|Any CPU.ActiveCfg = Debug|Any CPU
		{03D1910E-A22F-494D-A78B-710414D62A6F}.Debug|Any CPU.Build.0 = Debug|Any CPU
		{03D1910E-A22F-494D-A78B-710414D62A6F}.Release|Any CPU.ActiveCfg = Release|Any CPU
		{03D1910E-A22F-494D-A78B-710414D62A6F}.Release|Any CPU.Build.0 = Release|Any CPU
	EndGlobalSection
	GlobalSection(SolutionProperties) = preSolution
		HideSolutionNode = FALSE
	EndGlobalSection
	GlobalSection(ExtensibilityGlobals) = postSolution
		SolutionGuid = {6845D242-5320-4663-85DF-94ACE6C4413A}
	EndGlobalSection
EndGlobal
